<?xml version="1.0" encoding="UTF-8"?>
<!DOCTYPE plist PUBLIC "-//Apple//DTD PLIST 1.0//EN" "http://www.apple.com/DTDs/PropertyList-1.0.dtd">
<plist version="1.0">
<dict>
	<key>archiveVersion</key>
	<string>1</string>
	<key>classes</key>
	<dict/>
	<key>objectVersion</key>
	<string>46</string>
	<key>objects</key>
	<dict>
		<key>0016F291AA26D702FD19EC48</key>
		<dict>
			<key>buildActionMask</key>
			<string>2147483647</string>
			<key>files</key>
			<array/>
			<key>inputPaths</key>
			<array/>
			<key>isa</key>
			<string>PBXShellScriptBuildPhase</string>
			<key>name</key>
			<string>Copy Pods Resources</string>
			<key>outputPaths</key>
			<array/>
			<key>runOnlyForDeploymentPostprocessing</key>
			<string>0</string>
			<key>shellPath</key>
			<string>/bin/sh</string>
			<key>shellScript</key>
			<string>"${SRCROOT}/Pods/Target Support Files/Pods/Pods-resources.sh"
</string>
			<key>showEnvVarsInLog</key>
			<string>0</string>
		</dict>
		<key>0B544052F656A2836558DCB3</key>
		<dict>
			<key>fileRef</key>
			<string>5679CE1E930C810E32C4E106</string>
			<key>isa</key>
			<string>PBXBuildFile</string>
		</dict>
		<key>4E5A24E4ECB2F8CDEB5F2B68</key>
		<dict>
			<key>children</key>
			<array>
				<string>5679CE1E930C810E32C4E106</string>
			</array>
			<key>isa</key>
			<string>PBXGroup</string>
			<key>name</key>
			<string>Frameworks</string>
			<key>sourceTree</key>
			<string>&lt;group&gt;</string>
		</dict>
		<key>53F505C27F392A3B83AC0213</key>
		<dict>
			<key>includeInIndex</key>
			<string>1</string>
			<key>isa</key>
			<string>PBXFileReference</string>
			<key>lastKnownFileType</key>
			<string>text.xcconfig</string>
			<key>name</key>
			<string>Pods.release.xcconfig</string>
			<key>path</key>
			<string>Pods/Target Support Files/Pods/Pods.release.xcconfig</string>
			<key>sourceTree</key>
			<string>&lt;group&gt;</string>
		</dict>
		<key>5679CE1E930C810E32C4E106</key>
		<dict>
			<key>explicitFileType</key>
			<string>archive.ar</string>
			<key>includeInIndex</key>
			<string>0</string>
			<key>isa</key>
			<string>PBXFileReference</string>
			<key>path</key>
			<string>libPods.a</string>
			<key>sourceTree</key>
			<string>BUILT_PRODUCTS_DIR</string>
		</dict>
		<key>70D8511119FC2AA4005BDE91</key>
		<dict>
			<key>isa</key>
			<string>PBXFileReference</string>
			<key>lastKnownFileType</key>
			<string>image.png</string>
			<key>path</key>
			<string>Default-568h@2x.png</string>
			<key>sourceTree</key>
			<string>&lt;group&gt;</string>
		</dict>
		<key>70D8511219FC2AA4005BDE91</key>
		<dict>
			<key>fileRef</key>
			<string>70D8511119FC2AA4005BDE91</string>
			<key>isa</key>
			<string>PBXBuildFile</string>
		</dict>
		<key>70D8511319FC31B2005BDE91</key>
		<dict>
			<key>fileEncoding</key>
			<string>4</string>
			<key>isa</key>
			<string>PBXFileReference</string>
			<key>lastKnownFileType</key>
			<string>sourcecode.c.h</string>
			<key>path</key>
			<string>ViewStudyGroupsTableViewController.h</string>
			<key>sourceTree</key>
			<string>&lt;group&gt;</string>
		</dict>
		<key>70D8511419FC31B2005BDE91</key>
		<dict>
			<key>fileEncoding</key>
			<string>4</string>
			<key>isa</key>
			<string>PBXFileReference</string>
			<key>lastKnownFileType</key>
			<string>sourcecode.c.objc</string>
			<key>path</key>
			<string>ViewStudyGroupsTableViewController.m</string>
			<key>sourceTree</key>
			<string>&lt;group&gt;</string>
		</dict>
		<key>70D8511519FC31B2005BDE91</key>
		<dict>
			<key>fileRef</key>
			<string>70D8511419FC31B2005BDE91</string>
			<key>isa</key>
			<string>PBXBuildFile</string>
		</dict>
		<key>70D8511619FC33EE005BDE91</key>
		<dict>
			<key>fileEncoding</key>
			<string>4</string>
			<key>isa</key>
			<string>PBXFileReference</string>
			<key>lastKnownFileType</key>
			<string>sourcecode.c.h</string>
			<key>path</key>
			<string>StudyGroupsTableViewCell.h</string>
			<key>sourceTree</key>
			<string>&lt;group&gt;</string>
		</dict>
		<key>70D8511719FC33EE005BDE91</key>
		<dict>
			<key>fileEncoding</key>
			<string>4</string>
			<key>isa</key>
			<string>PBXFileReference</string>
			<key>lastKnownFileType</key>
			<string>sourcecode.c.objc</string>
			<key>path</key>
			<string>StudyGroupsTableViewCell.m</string>
			<key>sourceTree</key>
			<string>&lt;group&gt;</string>
		</dict>
		<key>70D8511819FC33EE005BDE91</key>
		<dict>
			<key>fileRef</key>
			<string>70D8511719FC33EE005BDE91</string>
			<key>isa</key>
			<string>PBXBuildFile</string>
		</dict>
		<key>70D8511919FC34CC005BDE91</key>
		<dict>
			<key>fileEncoding</key>
			<string>4</string>
			<key>isa</key>
			<string>PBXFileReference</string>
			<key>lastKnownFileType</key>
			<string>file.xib</string>
			<key>path</key>
			<string>StudyGroupCell.xib</string>
			<key>sourceTree</key>
			<string>&lt;group&gt;</string>
		</dict>
		<key>70D8511A19FC34CC005BDE91</key>
		<dict>
			<key>fileRef</key>
			<string>70D8511919FC34CC005BDE91</string>
			<key>isa</key>
			<string>PBXBuildFile</string>
		</dict>
		<key>84D7B3E21A8022D800983028</key>
		<dict>
			<key>children</key>
			<array>
				<string>84D7B3E31A8022D800983028</string>
				<string>84D7B3E41A8022D800983028</string>
				<string>84D7B3E51A8022D800983028</string>
				<string>84D7B3E61A8022D800983028</string>
				<string>84D7B3E71A8022D800983028</string>
			</array>
			<key>isa</key>
			<string>PBXGroup</string>
			<key>path</key>
			<string>economica</string>
			<key>sourceTree</key>
			<string>&lt;group&gt;</string>
		</dict>
		<key>84D7B3E31A8022D800983028</key>
		<dict>
			<key>isa</key>
			<string>PBXFileReference</string>
			<key>lastKnownFileType</key>
			<string>file</string>
			<key>path</key>
			<string>Economica-Bold-OTF.otf</string>
			<key>sourceTree</key>
			<string>&lt;group&gt;</string>
		</dict>
		<key>84D7B3E41A8022D800983028</key>
		<dict>
			<key>isa</key>
			<string>PBXFileReference</string>
			<key>lastKnownFileType</key>
			<string>file</string>
			<key>path</key>
			<string>Economica-BoldItalic-OTF.otf</string>
			<key>sourceTree</key>
			<string>&lt;group&gt;</string>
		</dict>
		<key>84D7B3E51A8022D800983028</key>
		<dict>
			<key>isa</key>
			<string>PBXFileReference</string>
			<key>lastKnownFileType</key>
			<string>file</string>
			<key>path</key>
			<string>Economica-Italic-OTF.otf</string>
			<key>sourceTree</key>
			<string>&lt;group&gt;</string>
		</dict>
		<key>84D7B3E61A8022D800983028</key>
		<dict>
			<key>isa</key>
			<string>PBXFileReference</string>
			<key>lastKnownFileType</key>
			<string>file</string>
			<key>path</key>
			<string>Economica-Regular-OTF.otf</string>
			<key>sourceTree</key>
			<string>&lt;group&gt;</string>
		</dict>
		<key>84D7B3E71A8022D800983028</key>
		<dict>
			<key>fileEncoding</key>
			<string>4</string>
			<key>isa</key>
			<string>PBXFileReference</string>
			<key>lastKnownFileType</key>
			<string>text</string>
			<key>path</key>
			<string>SIL Open Font License.txt</string>
			<key>sourceTree</key>
			<string>&lt;group&gt;</string>
		</dict>
		<key>84D7B3E81A8022D800983028</key>
		<dict>
			<key>fileRef</key>
			<string>84D7B3E31A8022D800983028</string>
			<key>isa</key>
			<string>PBXBuildFile</string>
		</dict>
		<key>84D7B3E91A8022D800983028</key>
		<dict>
			<key>fileRef</key>
			<string>84D7B3E41A8022D800983028</string>
			<key>isa</key>
			<string>PBXBuildFile</string>
		</dict>
		<key>84D7B3EA1A8022D800983028</key>
		<dict>
			<key>fileRef</key>
			<string>84D7B3E51A8022D800983028</string>
			<key>isa</key>
			<string>PBXBuildFile</string>
		</dict>
		<key>84D7B3EB1A8022D800983028</key>
		<dict>
			<key>fileRef</key>
			<string>84D7B3E61A8022D800983028</string>
			<key>isa</key>
			<string>PBXBuildFile</string>
		</dict>
		<key>84D7B3EC1A8022D800983028</key>
		<dict>
			<key>fileRef</key>
			<string>84D7B3E71A8022D800983028</string>
			<key>isa</key>
			<string>PBXBuildFile</string>
		</dict>
		<key>9934EC311A80A4A2003BEC97</key>
		<dict>
			<key>children</key>
			<array>
				<string>996055E219FC8B6F001216B9</string>
				<string>996055E319FC8B6F001216B9</string>
				<string>996055DF19FC89BC001216B9</string>
				<string>996055E019FC89BC001216B9</string>
			</array>
			<key>isa</key>
			<string>PBXGroup</string>
			<key>name</key>
			<string>Messaging</string>
			<key>sourceTree</key>
			<string>&lt;group&gt;</string>
		</dict>
		<key>9934EC321A80A4B6003BEC97</key>
		<dict>
			<key>children</key>
			<array>
				<string>9960559519FC23F6001216B9</string>
				<string>9960559619FC23F6001216B9</string>
			</array>
			<key>isa</key>
			<string>PBXGroup</string>
			<key>name</key>
			<string>Login</string>
			<key>sourceTree</key>
			<string>&lt;group&gt;</string>
		</dict>
		<key>9934EC331A80A4C3003BEC97</key>
		<dict>
			<key>children</key>
			<array>
				<string>9960558C19FC225A001216B9</string>
				<string>9960558D19FC225A001216B9</string>
			</array>
			<key>isa</key>
			<string>PBXGroup</string>
			<key>name</key>
			<string>Landing</string>
			<key>sourceTree</key>
			<string>&lt;group&gt;</string>
		</dict>
		<key>9934EC341A80A4CF003BEC97</key>
		<dict>
			<key>children</key>
			<array>
				<string>999057051A815646003A45B1</string>
				<string>999057061A815646003A45B1</string>
				<string>996055DA19FC786E001216B9</string>
				<string>996055DB19FC786E001216B9</string>
			</array>
			<key>isa</key>
			<string>PBXGroup</string>
			<key>name</key>
			<string>CreateStudyGroup</string>
			<key>sourceTree</key>
			<string>&lt;group&gt;</string>
		</dict>
		<key>9934EC351A80A4E2003BEC97</key>
		<dict>
			<key>children</key>
			<array>
				<string>996055D219FC404C001216B9</string>
				<string>996055D319FC404C001216B9</string>
				<string>9960559B19FC27B9001216B9</string>
				<string>9960559C19FC27B9001216B9</string>
			</array>
			<key>isa</key>
			<string>PBXGroup</string>
			<key>name</key>
			<string>Courses</string>
			<key>sourceTree</key>
			<string>&lt;group&gt;</string>
		</dict>
		<key>9934EC361A80A511003BEC97</key>
		<dict>
			<key>children</key>
			<array>
				<string>9976D7E81A81BFB80068490C</string>
				<string>9976D7E91A81BFB80068490C</string>
				<string>996055D719FC5449001216B9</string>
				<string>996055D819FC5449001216B9</string>
				<string>70D8511319FC31B2005BDE91</string>
				<string>70D8511419FC31B2005BDE91</string>
				<string>70D8511619FC33EE005BDE91</string>
				<string>70D8511719FC33EE005BDE91</string>
				<string>70D8511919FC34CC005BDE91</string>
			</array>
			<key>isa</key>
			<string>PBXGroup</string>
			<key>name</key>
			<string>ViewStudyGroup</string>
			<key>sourceTree</key>
			<string>&lt;group&gt;</string>
		</dict>
		<key>9960555A19FC2003001216B9</key>
		<dict>
			<key>children</key>
			<array>
				<string>996055D519FC53E6001216B9</string>
				<string>996055D019FC3FB1001216B9</string>
				<string>996055CE19FC3FAB001216B9</string>
				<string>996055CC19FC3FA6001216B9</string>
				<string>996055CA19FC3FA0001216B9</string>
				<string>996055C819FC3F9A001216B9</string>
				<string>996055C619FC3F95001216B9</string>
				<string>996055C419FC3F90001216B9</string>
				<string>996055C219FC3F87001216B9</string>
				<string>996055C019FC3F81001216B9</string>
				<string>996055BE19FC3F78001216B9</string>
				<string>70D8511119FC2AA4005BDE91</string>
				<string>9960556519FC2003001216B9</string>
				<string>9960557F19FC2003001216B9</string>
				<string>9960556419FC2003001216B9</string>
				<string>B0D4CDF8B6B90EF6A5E2101D</string>
				<string>4E5A24E4ECB2F8CDEB5F2B68</string>
			</array>
			<key>isa</key>
			<string>PBXGroup</string>
			<key>sourceTree</key>
			<string>&lt;group&gt;</string>
		</dict>
		<key>9960555B19FC2003001216B9</key>
		<dict>
			<key>attributes</key>
			<dict>
				<key>LastUpgradeCheck</key>
				<string>0610</string>
				<key>ORGANIZATIONNAME</key>
				<string>ieor190</string>
				<key>TargetAttributes</key>
				<dict>
					<key>9960556219FC2003001216B9</key>
					<dict>
						<key>CreatedOnToolsVersion</key>
						<string>6.1</string>
						<key>DevelopmentTeam</key>
						<string>M2R83997R2</string>
					</dict>
					<key>9960557B19FC2003001216B9</key>
					<dict>
						<key>CreatedOnToolsVersion</key>
						<string>6.1</string>
						<key>TestTargetID</key>
						<string>9960556219FC2003001216B9</string>
					</dict>
				</dict>
			</dict>
			<key>buildConfigurationList</key>
			<string>9960555E19FC2003001216B9</string>
			<key>compatibilityVersion</key>
			<string>Xcode 3.2</string>
			<key>developmentRegion</key>
			<string>English</string>
			<key>hasScannedForEncodings</key>
			<string>0</string>
			<key>isa</key>
			<string>PBXProject</string>
			<key>knownRegions</key>
			<array>
				<string>en</string>
				<string>Base</string>
			</array>
			<key>mainGroup</key>
			<string>9960555A19FC2003001216B9</string>
			<key>productRefGroup</key>
			<string>9960556419FC2003001216B9</string>
			<key>projectDirPath</key>
			<string></string>
			<key>projectReferences</key>
			<array/>
			<key>projectRoot</key>
			<string></string>
			<key>targets</key>
			<array>
				<string>9960556219FC2003001216B9</string>
				<string>9960557B19FC2003001216B9</string>
			</array>
		</dict>
		<key>9960555E19FC2003001216B9</key>
		<dict>
			<key>buildConfigurations</key>
			<array>
				<string>9960558419FC2003001216B9</string>
				<string>9960558519FC2003001216B9</string>
			</array>
			<key>defaultConfigurationIsVisible</key>
			<string>0</string>
			<key>defaultConfigurationName</key>
			<string>Release</string>
			<key>isa</key>
			<string>XCConfigurationList</string>
		</dict>
		<key>9960555F19FC2003001216B9</key>
		<dict>
			<key>buildActionMask</key>
			<string>2147483647</string>
			<key>files</key>
			<array>
				<string>999057071A815646003A45B1</string>
				<string>996055E119FC89BC001216B9</string>
				<string>9960559D19FC27B9001216B9</string>
				<string>996055D919FC5449001216B9</string>
				<string>9960556F19FC2003001216B9</string>
				<string>996055D419FC404C001216B9</string>
				<string>996055E419FC8B6F001216B9</string>
				<string>9960556C19FC2003001216B9</string>
				<string>9976D7EA1A81BFB80068490C</string>
				<string>9960559719FC23F6001216B9</string>
				<string>996055DC19FC786E001216B9</string>
				<string>9960558E19FC225A001216B9</string>
				<string>70D8511519FC31B2005BDE91</string>
				<string>9960556919FC2003001216B9</string>
				<string>70D8511819FC33EE005BDE91</string>
			</array>
			<key>isa</key>
			<string>PBXSourcesBuildPhase</string>
			<key>runOnlyForDeploymentPostprocessing</key>
			<string>0</string>
		</dict>
		<key>9960556019FC2003001216B9</key>
		<dict>
			<key>buildActionMask</key>
			<string>2147483647</string>
			<key>files</key>
			<array>
				<string>996055D619FC53E6001216B9</string>
				<string>996055D119FC3FB1001216B9</string>
				<string>996055CF19FC3FAB001216B9</string>
				<string>996055CD19FC3FA6001216B9</string>
				<string>996055CB19FC3FA0001216B9</string>
				<string>996055C919FC3F9A001216B9</string>
				<string>996055C719FC3F95001216B9</string>
				<string>996055C519FC3F90001216B9</string>
				<string>996055C319FC3F87001216B9</string>
				<string>996055C119FC3F81001216B9</string>
				<string>996055BF19FC3F78001216B9</string>
				<string>996055BD19FC3F55001216B9</string>
				<string>0B544052F656A2836558DCB3</string>
			</array>
			<key>isa</key>
			<string>PBXFrameworksBuildPhase</string>
			<key>runOnlyForDeploymentPostprocessing</key>
			<string>0</string>
		</dict>
		<key>9960556119FC2003001216B9</key>
		<dict>
			<key>buildActionMask</key>
			<string>2147483647</string>
			<key>files</key>
			<array>
				<string>84D7B3EA1A8022D800983028</string>
				<string>996055BC19FC3F55001216B9</string>
				<string>9960557219FC2003001216B9</string>
				<string>84D7B3EC1A8022D800983028</string>
				<string>84D7B3EB1A8022D800983028</string>
				<string>70D8511219FC2AA4005BDE91</string>
				<string>9960557719FC2003001216B9</string>
				<string>70D8511A19FC34CC005BDE91</string>
				<string>84D7B3E91A8022D800983028</string>
				<string>9960557419FC2003001216B9</string>
				<string>996055DE19FC8573001216B9</string>
				<string>84D7B3E81A8022D800983028</string>
			</array>
			<key>isa</key>
			<string>PBXResourcesBuildPhase</string>
			<key>runOnlyForDeploymentPostprocessing</key>
			<string>0</string>
		</dict>
		<key>9960556219FC2003001216B9</key>
		<dict>
			<key>buildConfigurationList</key>
			<string>9960558619FC2003001216B9</string>
			<key>buildPhases</key>
			<array>
				<string>D16EC69E90D8A72F8B6BD4D3</string>
				<string>9960555F19FC2003001216B9</string>
				<string>9960556019FC2003001216B9</string>
				<string>9960556119FC2003001216B9</string>
				<string>0016F291AA26D702FD19EC48</string>
			</array>
			<key>buildRules</key>
			<array/>
			<key>dependencies</key>
			<array/>
			<key>isa</key>
			<string>PBXNativeTarget</string>
			<key>name</key>
			<string>studywithme</string>
			<key>productName</key>
			<string>studywithme</string>
			<key>productReference</key>
			<string>9960556319FC2003001216B9</string>
			<key>productType</key>
			<string>com.apple.product-type.application</string>
		</dict>
		<key>9960556319FC2003001216B9</key>
		<dict>
			<key>explicitFileType</key>
			<string>wrapper.application</string>
			<key>includeInIndex</key>
			<string>0</string>
			<key>isa</key>
			<string>PBXFileReference</string>
			<key>path</key>
			<string>studywithme.app</string>
			<key>sourceTree</key>
			<string>BUILT_PRODUCTS_DIR</string>
		</dict>
		<key>9960556419FC2003001216B9</key>
		<dict>
			<key>children</key>
			<array>
				<string>9960556319FC2003001216B9</string>
				<string>9960557C19FC2003001216B9</string>
			</array>
			<key>isa</key>
			<string>PBXGroup</string>
			<key>name</key>
			<string>Products</string>
			<key>sourceTree</key>
			<string>&lt;group&gt;</string>
		</dict>
		<key>9960556519FC2003001216B9</key>
		<dict>
			<key>children</key>
			<array>
				<string>996055DD19FC8573001216B9</string>
				<string>996055BA19FC3F55001216B9</string>
				<string>996055BB19FC3F55001216B9</string>
				<string>9960556A19FC2003001216B9</string>
				<string>9960556B19FC2003001216B9</string>
				<string>9960556D19FC2003001216B9</string>
				<string>9960556E19FC2003001216B9</string>
				<string>9960557019FC2003001216B9</string>
				<string>9934EC311A80A4A2003BEC97</string>
				<string>9934EC361A80A511003BEC97</string>
				<string>9934EC351A80A4E2003BEC97</string>
				<string>9934EC321A80A4B6003BEC97</string>
				<string>9934EC341A80A4CF003BEC97</string>
				<string>9934EC331A80A4C3003BEC97</string>
				<string>9960557319FC2003001216B9</string>
				<string>9960557519FC2003001216B9</string>
				<string>9960556619FC2003001216B9</string>
			</array>
			<key>isa</key>
			<string>PBXGroup</string>
			<key>path</key>
			<string>studywithme</string>
			<key>sourceTree</key>
			<string>&lt;group&gt;</string>
		</dict>
		<key>9960556619FC2003001216B9</key>
		<dict>
			<key>children</key>
			<array>
				<string>84D7B3E21A8022D800983028</string>
				<string>9960556719FC2003001216B9</string>
				<string>9960556819FC2003001216B9</string>
			</array>
			<key>isa</key>
			<string>PBXGroup</string>
			<key>name</key>
			<string>Supporting Files</string>
			<key>sourceTree</key>
			<string>&lt;group&gt;</string>
		</dict>
		<key>9960556719FC2003001216B9</key>
		<dict>
			<key>isa</key>
			<string>PBXFileReference</string>
			<key>lastKnownFileType</key>
			<string>text.plist.xml</string>
			<key>path</key>
			<string>Info.plist</string>
			<key>sourceTree</key>
			<string>&lt;group&gt;</string>
		</dict>
		<key>9960556819FC2003001216B9</key>
		<dict>
			<key>isa</key>
			<string>PBXFileReference</string>
			<key>lastKnownFileType</key>
			<string>sourcecode.c.objc</string>
			<key>path</key>
			<string>main.m</string>
			<key>sourceTree</key>
			<string>&lt;group&gt;</string>
		</dict>
		<key>9960556919FC2003001216B9</key>
		<dict>
			<key>fileRef</key>
			<string>9960556819FC2003001216B9</string>
			<key>isa</key>
			<string>PBXBuildFile</string>
		</dict>
		<key>9960556A19FC2003001216B9</key>
		<dict>
			<key>isa</key>
			<string>PBXFileReference</string>
			<key>lastKnownFileType</key>
			<string>sourcecode.c.h</string>
			<key>path</key>
			<string>AppDelegate.h</string>
			<key>sourceTree</key>
			<string>&lt;group&gt;</string>
		</dict>
		<key>9960556B19FC2003001216B9</key>
		<dict>
			<key>isa</key>
			<string>PBXFileReference</string>
			<key>lastKnownFileType</key>
			<string>sourcecode.c.objc</string>
			<key>path</key>
			<string>AppDelegate.m</string>
			<key>sourceTree</key>
			<string>&lt;group&gt;</string>
		</dict>
		<key>9960556C19FC2003001216B9</key>
		<dict>
			<key>fileRef</key>
			<string>9960556B19FC2003001216B9</string>
			<key>isa</key>
			<string>PBXBuildFile</string>
		</dict>
		<key>9960556D19FC2003001216B9</key>
		<dict>
			<key>isa</key>
			<string>PBXFileReference</string>
			<key>lastKnownFileType</key>
			<string>sourcecode.c.h</string>
			<key>path</key>
			<string>ViewController.h</string>
			<key>sourceTree</key>
			<string>&lt;group&gt;</string>
		</dict>
		<key>9960556E19FC2003001216B9</key>
		<dict>
			<key>isa</key>
			<string>PBXFileReference</string>
			<key>lastKnownFileType</key>
			<string>sourcecode.c.objc</string>
			<key>path</key>
			<string>ViewController.m</string>
			<key>sourceTree</key>
			<string>&lt;group&gt;</string>
		</dict>
		<key>9960556F19FC2003001216B9</key>
		<dict>
			<key>fileRef</key>
			<string>9960556E19FC2003001216B9</string>
			<key>isa</key>
			<string>PBXBuildFile</string>
		</dict>
		<key>9960557019FC2003001216B9</key>
		<dict>
			<key>children</key>
			<array>
				<string>9960557119FC2003001216B9</string>
			</array>
			<key>isa</key>
			<string>PBXVariantGroup</string>
			<key>name</key>
			<string>Main.storyboard</string>
			<key>sourceTree</key>
			<string>&lt;group&gt;</string>
		</dict>
		<key>9960557119FC2003001216B9</key>
		<dict>
			<key>isa</key>
			<string>PBXFileReference</string>
			<key>lastKnownFileType</key>
			<string>file.storyboard</string>
			<key>name</key>
			<string>Base</string>
			<key>path</key>
			<string>Base.lproj/Main.storyboard</string>
			<key>sourceTree</key>
			<string>&lt;group&gt;</string>
		</dict>
		<key>9960557219FC2003001216B9</key>
		<dict>
			<key>fileRef</key>
			<string>9960557019FC2003001216B9</string>
			<key>isa</key>
			<string>PBXBuildFile</string>
		</dict>
		<key>9960557319FC2003001216B9</key>
		<dict>
			<key>isa</key>
			<string>PBXFileReference</string>
			<key>lastKnownFileType</key>
			<string>folder.assetcatalog</string>
			<key>path</key>
			<string>Images.xcassets</string>
			<key>sourceTree</key>
			<string>&lt;group&gt;</string>
		</dict>
		<key>9960557419FC2003001216B9</key>
		<dict>
			<key>fileRef</key>
			<string>9960557319FC2003001216B9</string>
			<key>isa</key>
			<string>PBXBuildFile</string>
		</dict>
		<key>9960557519FC2003001216B9</key>
		<dict>
			<key>children</key>
			<array>
				<string>9960557619FC2003001216B9</string>
			</array>
			<key>isa</key>
			<string>PBXVariantGroup</string>
			<key>name</key>
			<string>LaunchScreen.xib</string>
			<key>sourceTree</key>
			<string>&lt;group&gt;</string>
		</dict>
		<key>9960557619FC2003001216B9</key>
		<dict>
			<key>isa</key>
			<string>PBXFileReference</string>
			<key>lastKnownFileType</key>
			<string>file.xib</string>
			<key>name</key>
			<string>Base</string>
			<key>path</key>
			<string>Base.lproj/LaunchScreen.xib</string>
			<key>sourceTree</key>
			<string>&lt;group&gt;</string>
		</dict>
		<key>9960557719FC2003001216B9</key>
		<dict>
			<key>fileRef</key>
			<string>9960557519FC2003001216B9</string>
			<key>isa</key>
			<string>PBXBuildFile</string>
		</dict>
		<key>9960557819FC2003001216B9</key>
		<dict>
			<key>buildActionMask</key>
			<string>2147483647</string>
			<key>files</key>
			<array>
				<string>9960558319FC2003001216B9</string>
			</array>
			<key>isa</key>
			<string>PBXSourcesBuildPhase</string>
			<key>runOnlyForDeploymentPostprocessing</key>
			<string>0</string>
		</dict>
		<key>9960557919FC2003001216B9</key>
		<dict>
			<key>buildActionMask</key>
			<string>2147483647</string>
			<key>files</key>
			<array/>
			<key>isa</key>
			<string>PBXFrameworksBuildPhase</string>
			<key>runOnlyForDeploymentPostprocessing</key>
			<string>0</string>
		</dict>
		<key>9960557A19FC2003001216B9</key>
		<dict>
			<key>buildActionMask</key>
			<string>2147483647</string>
			<key>files</key>
			<array/>
			<key>isa</key>
			<string>PBXResourcesBuildPhase</string>
			<key>runOnlyForDeploymentPostprocessing</key>
			<string>0</string>
		</dict>
		<key>9960557B19FC2003001216B9</key>
		<dict>
			<key>buildConfigurationList</key>
			<string>9960558919FC2003001216B9</string>
			<key>buildPhases</key>
			<array>
				<string>9960557819FC2003001216B9</string>
				<string>9960557919FC2003001216B9</string>
				<string>9960557A19FC2003001216B9</string>
			</array>
			<key>buildRules</key>
			<array/>
			<key>dependencies</key>
			<array>
				<string>9960557E19FC2003001216B9</string>
			</array>
			<key>isa</key>
			<string>PBXNativeTarget</string>
			<key>name</key>
			<string>studywithmeTests</string>
			<key>productName</key>
			<string>studywithmeTests</string>
			<key>productReference</key>
			<string>9960557C19FC2003001216B9</string>
			<key>productType</key>
			<string>com.apple.product-type.bundle.unit-test</string>
		</dict>
		<key>9960557C19FC2003001216B9</key>
		<dict>
			<key>explicitFileType</key>
			<string>wrapper.cfbundle</string>
			<key>includeInIndex</key>
			<string>0</string>
			<key>isa</key>
			<string>PBXFileReference</string>
			<key>path</key>
			<string>studywithmeTests.xctest</string>
			<key>sourceTree</key>
			<string>BUILT_PRODUCTS_DIR</string>
		</dict>
		<key>9960557D19FC2003001216B9</key>
		<dict>
			<key>containerPortal</key>
			<string>9960555B19FC2003001216B9</string>
			<key>isa</key>
			<string>PBXContainerItemProxy</string>
			<key>proxyType</key>
			<string>1</string>
			<key>remoteGlobalIDString</key>
			<string>9960556219FC2003001216B9</string>
			<key>remoteInfo</key>
			<string>studywithme</string>
		</dict>
		<key>9960557E19FC2003001216B9</key>
		<dict>
			<key>isa</key>
			<string>PBXTargetDependency</string>
			<key>target</key>
			<string>9960556219FC2003001216B9</string>
			<key>targetProxy</key>
			<string>9960557D19FC2003001216B9</string>
		</dict>
		<key>9960557F19FC2003001216B9</key>
		<dict>
			<key>children</key>
			<array>
				<string>9960558219FC2003001216B9</string>
				<string>9960558019FC2003001216B9</string>
			</array>
			<key>isa</key>
			<string>PBXGroup</string>
			<key>path</key>
			<string>studywithmeTests</string>
			<key>sourceTree</key>
			<string>&lt;group&gt;</string>
		</dict>
		<key>9960558019FC2003001216B9</key>
		<dict>
			<key>children</key>
			<array>
				<string>9960558119FC2003001216B9</string>
			</array>
			<key>isa</key>
			<string>PBXGroup</string>
			<key>name</key>
			<string>Supporting Files</string>
			<key>sourceTree</key>
			<string>&lt;group&gt;</string>
		</dict>
		<key>9960558119FC2003001216B9</key>
		<dict>
			<key>isa</key>
			<string>PBXFileReference</string>
			<key>lastKnownFileType</key>
			<string>text.plist.xml</string>
			<key>path</key>
			<string>Info.plist</string>
			<key>sourceTree</key>
			<string>&lt;group&gt;</string>
		</dict>
		<key>9960558219FC2003001216B9</key>
		<dict>
			<key>isa</key>
			<string>PBXFileReference</string>
			<key>lastKnownFileType</key>
			<string>sourcecode.c.objc</string>
			<key>path</key>
			<string>studywithmeTests.m</string>
			<key>sourceTree</key>
			<string>&lt;group&gt;</string>
		</dict>
		<key>9960558319FC2003001216B9</key>
		<dict>
			<key>fileRef</key>
			<string>9960558219FC2003001216B9</string>
			<key>isa</key>
			<string>PBXBuildFile</string>
		</dict>
		<key>9960558419FC2003001216B9</key>
		<dict>
			<key>buildSettings</key>
			<dict>
				<key>ALWAYS_SEARCH_USER_PATHS</key>
				<string>NO</string>
				<key>CLANG_CXX_LANGUAGE_STANDARD</key>
				<string>gnu++0x</string>
				<key>CLANG_CXX_LIBRARY</key>
				<string>libc++</string>
				<key>CLANG_ENABLE_MODULES</key>
				<string>YES</string>
				<key>CLANG_ENABLE_OBJC_ARC</key>
				<string>YES</string>
				<key>CLANG_WARN_BOOL_CONVERSION</key>
				<string>YES</string>
				<key>CLANG_WARN_CONSTANT_CONVERSION</key>
				<string>YES</string>
				<key>CLANG_WARN_DIRECT_OBJC_ISA_USAGE</key>
				<string>YES_ERROR</string>
				<key>CLANG_WARN_EMPTY_BODY</key>
				<string>YES</string>
				<key>CLANG_WARN_ENUM_CONVERSION</key>
				<string>YES</string>
				<key>CLANG_WARN_INT_CONVERSION</key>
				<string>YES</string>
				<key>CLANG_WARN_OBJC_ROOT_CLASS</key>
				<string>YES_ERROR</string>
				<key>CLANG_WARN_UNREACHABLE_CODE</key>
				<string>YES</string>
				<key>CLANG_WARN__DUPLICATE_METHOD_MATCH</key>
				<string>YES</string>
				<key>CODE_SIGN_IDENTITY[sdk=iphoneos*]</key>
				<string>iPhone Developer</string>
				<key>COPY_PHASE_STRIP</key>
				<string>NO</string>
				<key>ENABLE_STRICT_OBJC_MSGSEND</key>
				<string>YES</string>
				<key>GCC_C_LANGUAGE_STANDARD</key>
				<string>gnu99</string>
				<key>GCC_DYNAMIC_NO_PIC</key>
				<string>NO</string>
				<key>GCC_OPTIMIZATION_LEVEL</key>
				<string>0</string>
				<key>GCC_PREPROCESSOR_DEFINITIONS</key>
				<array>
					<string>DEBUG=1</string>
					<string>$(inherited)</string>
				</array>
				<key>GCC_SYMBOLS_PRIVATE_EXTERN</key>
				<string>NO</string>
				<key>GCC_WARN_64_TO_32_BIT_CONVERSION</key>
				<string>YES</string>
				<key>GCC_WARN_ABOUT_RETURN_TYPE</key>
				<string>YES_ERROR</string>
				<key>GCC_WARN_UNDECLARED_SELECTOR</key>
				<string>YES</string>
				<key>GCC_WARN_UNINITIALIZED_AUTOS</key>
				<string>YES_AGGRESSIVE</string>
				<key>GCC_WARN_UNUSED_FUNCTION</key>
				<string>YES</string>
				<key>GCC_WARN_UNUSED_VARIABLE</key>
				<string>YES</string>
				<key>IPHONEOS_DEPLOYMENT_TARGET</key>
				<string>8.1</string>
				<key>MTL_ENABLE_DEBUG_INFO</key>
				<string>YES</string>
				<key>ONLY_ACTIVE_ARCH</key>
				<string>YES</string>
				<key>SDKROOT</key>
				<string>iphoneos</string>
			</dict>
			<key>isa</key>
			<string>XCBuildConfiguration</string>
			<key>name</key>
			<string>Debug</string>
		</dict>
		<key>9960558519FC2003001216B9</key>
		<dict>
			<key>buildSettings</key>
			<dict>
				<key>ALWAYS_SEARCH_USER_PATHS</key>
				<string>NO</string>
				<key>CLANG_CXX_LANGUAGE_STANDARD</key>
				<string>gnu++0x</string>
				<key>CLANG_CXX_LIBRARY</key>
				<string>libc++</string>
				<key>CLANG_ENABLE_MODULES</key>
				<string>YES</string>
				<key>CLANG_ENABLE_OBJC_ARC</key>
				<string>YES</string>
				<key>CLANG_WARN_BOOL_CONVERSION</key>
				<string>YES</string>
				<key>CLANG_WARN_CONSTANT_CONVERSION</key>
				<string>YES</string>
				<key>CLANG_WARN_DIRECT_OBJC_ISA_USAGE</key>
				<string>YES_ERROR</string>
				<key>CLANG_WARN_EMPTY_BODY</key>
				<string>YES</string>
				<key>CLANG_WARN_ENUM_CONVERSION</key>
				<string>YES</string>
				<key>CLANG_WARN_INT_CONVERSION</key>
				<string>YES</string>
				<key>CLANG_WARN_OBJC_ROOT_CLASS</key>
				<string>YES_ERROR</string>
				<key>CLANG_WARN_UNREACHABLE_CODE</key>
				<string>YES</string>
				<key>CLANG_WARN__DUPLICATE_METHOD_MATCH</key>
				<string>YES</string>
				<key>CODE_SIGN_IDENTITY[sdk=iphoneos*]</key>
				<string>iPhone Developer</string>
				<key>COPY_PHASE_STRIP</key>
				<string>YES</string>
				<key>ENABLE_NS_ASSERTIONS</key>
				<string>NO</string>
				<key>ENABLE_STRICT_OBJC_MSGSEND</key>
				<string>YES</string>
				<key>GCC_C_LANGUAGE_STANDARD</key>
				<string>gnu99</string>
				<key>GCC_WARN_64_TO_32_BIT_CONVERSION</key>
				<string>YES</string>
				<key>GCC_WARN_ABOUT_RETURN_TYPE</key>
				<string>YES_ERROR</string>
				<key>GCC_WARN_UNDECLARED_SELECTOR</key>
				<string>YES</string>
				<key>GCC_WARN_UNINITIALIZED_AUTOS</key>
				<string>YES_AGGRESSIVE</string>
				<key>GCC_WARN_UNUSED_FUNCTION</key>
				<string>YES</string>
				<key>GCC_WARN_UNUSED_VARIABLE</key>
				<string>YES</string>
				<key>IPHONEOS_DEPLOYMENT_TARGET</key>
				<string>8.1</string>
				<key>MTL_ENABLE_DEBUG_INFO</key>
				<string>NO</string>
				<key>SDKROOT</key>
				<string>iphoneos</string>
				<key>VALIDATE_PRODUCT</key>
				<string>YES</string>
			</dict>
			<key>isa</key>
			<string>XCBuildConfiguration</string>
			<key>name</key>
			<string>Release</string>
		</dict>
		<key>9960558619FC2003001216B9</key>
		<dict>
			<key>buildConfigurations</key>
			<array>
				<string>9960558719FC2003001216B9</string>
				<string>9960558819FC2003001216B9</string>
			</array>
			<key>defaultConfigurationIsVisible</key>
			<string>0</string>
			<key>defaultConfigurationName</key>
			<string>Release</string>
			<key>isa</key>
			<string>XCConfigurationList</string>
		</dict>
		<key>9960558719FC2003001216B9</key>
		<dict>
			<key>baseConfigurationReference</key>
			<string>C839625EF062CE4DAAB1EDE6</string>
			<key>buildSettings</key>
			<dict>
				<key>ASSETCATALOG_COMPILER_APPICON_NAME</key>
				<string>AppIcon</string>
				<key>CODE_SIGN_IDENTITY</key>
				<string>iPhone Developer</string>
				<key>FRAMEWORK_SEARCH_PATHS</key>
				<array>
					<string>$(inherited)</string>
					<string>$(PROJECT_DIR)/studywithme</string>
				</array>
				<key>INFOPLIST_FILE</key>
				<string>studywithme/Info.plist</string>
				<key>IPHONEOS_DEPLOYMENT_TARGET</key>
				<string>7.0</string>
				<key>LD_RUNPATH_SEARCH_PATHS</key>
				<string>$(inherited) @executable_path/Frameworks</string>
				<key>OTHER_LDFLAGS</key>
				<string>-ObjC</string>
				<key>PRODUCT_NAME</key>
				<string>$(TARGET_NAME)</string>
			</dict>
			<key>isa</key>
			<string>XCBuildConfiguration</string>
			<key>name</key>
			<string>Debug</string>
		</dict>
		<key>9960558819FC2003001216B9</key>
		<dict>
			<key>baseConfigurationReference</key>
			<string>53F505C27F392A3B83AC0213</string>
			<key>buildSettings</key>
			<dict>
				<key>ASSETCATALOG_COMPILER_APPICON_NAME</key>
				<string>AppIcon</string>
				<key>CODE_SIGN_IDENTITY</key>
				<string>iPhone Developer</string>
				<key>FRAMEWORK_SEARCH_PATHS</key>
				<array>
					<string>$(inherited)</string>
					<string>$(PROJECT_DIR)/studywithme</string>
				</array>
				<key>INFOPLIST_FILE</key>
				<string>studywithme/Info.plist</string>
				<key>IPHONEOS_DEPLOYMENT_TARGET</key>
				<string>7.0</string>
				<key>LD_RUNPATH_SEARCH_PATHS</key>
				<string>$(inherited) @executable_path/Frameworks</string>
				<key>OTHER_LDFLAGS</key>
				<string>-ObjC</string>
				<key>PRODUCT_NAME</key>
				<string>$(TARGET_NAME)</string>
			</dict>
			<key>isa</key>
			<string>XCBuildConfiguration</string>
			<key>name</key>
			<string>Release</string>
		</dict>
		<key>9960558919FC2003001216B9</key>
		<dict>
			<key>buildConfigurations</key>
			<array>
				<string>9960558A19FC2003001216B9</string>
				<string>9960558B19FC2003001216B9</string>
			</array>
			<key>defaultConfigurationIsVisible</key>
			<string>0</string>
			<key>defaultConfigurationName</key>
			<string>Release</string>
			<key>isa</key>
			<string>XCConfigurationList</string>
		</dict>
		<key>9960558A19FC2003001216B9</key>
		<dict>
			<key>buildSettings</key>
			<dict>
				<key>BUNDLE_LOADER</key>
				<string>$(TEST_HOST)</string>
				<key>FRAMEWORK_SEARCH_PATHS</key>
				<array>
					<string>$(SDKROOT)/Developer/Library/Frameworks</string>
					<string>$(inherited)</string>
				</array>
				<key>GCC_PREPROCESSOR_DEFINITIONS</key>
				<array>
					<string>DEBUG=1</string>
					<string>$(inherited)</string>
				</array>
				<key>INFOPLIST_FILE</key>
				<string>studywithmeTests/Info.plist</string>
				<key>IPHONEOS_DEPLOYMENT_TARGET</key>
				<string>7.0</string>
				<key>LD_RUNPATH_SEARCH_PATHS</key>
				<string>$(inherited) @executable_path/Frameworks @loader_path/Frameworks</string>
				<key>PRODUCT_NAME</key>
				<string>$(TARGET_NAME)</string>
				<key>TEST_HOST</key>
				<string>$(BUILT_PRODUCTS_DIR)/studywithme.app/studywithme</string>
			</dict>
			<key>isa</key>
			<string>XCBuildConfiguration</string>
			<key>name</key>
			<string>Debug</string>
		</dict>
		<key>9960558B19FC2003001216B9</key>
		<dict>
			<key>buildSettings</key>
			<dict>
				<key>BUNDLE_LOADER</key>
				<string>$(TEST_HOST)</string>
				<key>FRAMEWORK_SEARCH_PATHS</key>
				<array>
					<string>$(SDKROOT)/Developer/Library/Frameworks</string>
					<string>$(inherited)</string>
				</array>
				<key>INFOPLIST_FILE</key>
				<string>studywithmeTests/Info.plist</string>
				<key>IPHONEOS_DEPLOYMENT_TARGET</key>
				<string>7.0</string>
				<key>LD_RUNPATH_SEARCH_PATHS</key>
				<string>$(inherited) @executable_path/Frameworks @loader_path/Frameworks</string>
				<key>PRODUCT_NAME</key>
				<string>$(TARGET_NAME)</string>
				<key>TEST_HOST</key>
				<string>$(BUILT_PRODUCTS_DIR)/studywithme.app/studywithme</string>
			</dict>
			<key>isa</key>
			<string>XCBuildConfiguration</string>
			<key>name</key>
			<string>Release</string>
		</dict>
		<key>9960558C19FC225A001216B9</key>
		<dict>
			<key>fileEncoding</key>
			<string>4</string>
			<key>isa</key>
			<string>PBXFileReference</string>
			<key>lastKnownFileType</key>
			<string>sourcecode.c.h</string>
			<key>path</key>
			<string>LandingViewController.h</string>
			<key>sourceTree</key>
			<string>&lt;group&gt;</string>
		</dict>
		<key>9960558D19FC225A001216B9</key>
		<dict>
			<key>fileEncoding</key>
			<string>4</string>
			<key>isa</key>
			<string>PBXFileReference</string>
			<key>lastKnownFileType</key>
			<string>sourcecode.c.objc</string>
			<key>path</key>
			<string>LandingViewController.m</string>
			<key>sourceTree</key>
			<string>&lt;group&gt;</string>
		</dict>
		<key>9960558E19FC225A001216B9</key>
		<dict>
			<key>fileRef</key>
			<string>9960558D19FC225A001216B9</string>
			<key>isa</key>
			<string>PBXBuildFile</string>
		</dict>
		<key>9960559519FC23F6001216B9</key>
		<dict>
			<key>fileEncoding</key>
			<string>4</string>
			<key>isa</key>
			<string>PBXFileReference</string>
			<key>lastKnownFileType</key>
			<string>sourcecode.c.h</string>
			<key>path</key>
			<string>LoginViewController.h</string>
			<key>sourceTree</key>
			<string>&lt;group&gt;</string>
		</dict>
		<key>9960559619FC23F6001216B9</key>
		<dict>
			<key>fileEncoding</key>
			<string>4</string>
			<key>isa</key>
			<string>PBXFileReference</string>
			<key>lastKnownFileType</key>
			<string>sourcecode.c.objc</string>
			<key>path</key>
			<string>LoginViewController.m</string>
			<key>sourceTree</key>
			<string>&lt;group&gt;</string>
		</dict>
		<key>9960559719FC23F6001216B9</key>
		<dict>
			<key>fileRef</key>
			<string>9960559619FC23F6001216B9</string>
			<key>isa</key>
			<string>PBXBuildFile</string>
		</dict>
		<key>9960559B19FC27B9001216B9</key>
		<dict>
			<key>fileEncoding</key>
			<string>4</string>
			<key>isa</key>
			<string>PBXFileReference</string>
			<key>lastKnownFileType</key>
			<string>sourcecode.c.h</string>
			<key>path</key>
			<string>CoursesViewController.h</string>
			<key>sourceTree</key>
			<string>&lt;group&gt;</string>
		</dict>
		<key>9960559C19FC27B9001216B9</key>
		<dict>
			<key>fileEncoding</key>
			<string>4</string>
			<key>isa</key>
			<string>PBXFileReference</string>
			<key>lastKnownFileType</key>
			<string>sourcecode.c.objc</string>
			<key>path</key>
			<string>CoursesViewController.m</string>
			<key>sourceTree</key>
			<string>&lt;group&gt;</string>
		</dict>
		<key>9960559D19FC27B9001216B9</key>
		<dict>
			<key>fileRef</key>
			<string>9960559C19FC27B9001216B9</string>
			<key>isa</key>
			<string>PBXBuildFile</string>
		</dict>
		<key>996055BA19FC3F55001216B9</key>
		<dict>
			<key>isa</key>
			<string>PBXFileReference</string>
			<key>lastKnownFileType</key>
			<string>wrapper.plug-in</string>
			<key>path</key>
			<string>BuiltIO.bundle</string>
			<key>sourceTree</key>
			<string>&lt;group&gt;</string>
		</dict>
		<key>996055BB19FC3F55001216B9</key>
		<dict>
			<key>isa</key>
			<string>PBXFileReference</string>
			<key>lastKnownFileType</key>
			<string>wrapper.framework</string>
			<key>path</key>
			<string>BuiltIO.framework</string>
			<key>sourceTree</key>
			<string>&lt;group&gt;</string>
		</dict>
		<key>996055BC19FC3F55001216B9</key>
		<dict>
			<key>fileRef</key>
			<string>996055BA19FC3F55001216B9</string>
			<key>isa</key>
			<string>PBXBuildFile</string>
		</dict>
		<key>996055BD19FC3F55001216B9</key>
		<dict>
			<key>fileRef</key>
			<string>996055BB19FC3F55001216B9</string>
			<key>isa</key>
			<string>PBXBuildFile</string>
		</dict>
		<key>996055BE19FC3F78001216B9</key>
		<dict>
			<key>isa</key>
			<string>PBXFileReference</string>
			<key>lastKnownFileType</key>
			<string>wrapper.framework</string>
			<key>name</key>
			<string>QuartzCore.framework</string>
			<key>path</key>
			<string>System/Library/Frameworks/QuartzCore.framework</string>
			<key>sourceTree</key>
			<string>SDKROOT</string>
		</dict>
		<key>996055BF19FC3F78001216B9</key>
		<dict>
			<key>fileRef</key>
			<string>996055BE19FC3F78001216B9</string>
			<key>isa</key>
			<string>PBXBuildFile</string>
		</dict>
		<key>996055C019FC3F81001216B9</key>
		<dict>
			<key>isa</key>
			<string>PBXFileReference</string>
			<key>lastKnownFileType</key>
			<string>wrapper.framework</string>
			<key>name</key>
			<string>CoreGraphics.framework</string>
			<key>path</key>
			<string>System/Library/Frameworks/CoreGraphics.framework</string>
			<key>sourceTree</key>
			<string>SDKROOT</string>
		</dict>
		<key>996055C119FC3F81001216B9</key>
		<dict>
			<key>fileRef</key>
			<string>996055C019FC3F81001216B9</string>
			<key>isa</key>
			<string>PBXBuildFile</string>
		</dict>
		<key>996055C219FC3F87001216B9</key>
		<dict>
			<key>isa</key>
			<string>PBXFileReference</string>
			<key>lastKnownFileType</key>
			<string>wrapper.framework</string>
			<key>name</key>
			<string>Security.framework</string>
			<key>path</key>
			<string>System/Library/Frameworks/Security.framework</string>
			<key>sourceTree</key>
			<string>SDKROOT</string>
		</dict>
		<key>996055C319FC3F87001216B9</key>
		<dict>
			<key>fileRef</key>
			<string>996055C219FC3F87001216B9</string>
			<key>isa</key>
			<string>PBXBuildFile</string>
		</dict>
		<key>996055C419FC3F90001216B9</key>
		<dict>
			<key>isa</key>
			<string>PBXFileReference</string>
			<key>lastKnownFileType</key>
			<string>wrapper.framework</string>
			<key>name</key>
			<string>SystemConfiguration.framework</string>
			<key>path</key>
			<string>System/Library/Frameworks/SystemConfiguration.framework</string>
			<key>sourceTree</key>
			<string>SDKROOT</string>
		</dict>
		<key>996055C519FC3F90001216B9</key>
		<dict>
			<key>fileRef</key>
			<string>996055C419FC3F90001216B9</string>
			<key>isa</key>
			<string>PBXBuildFile</string>
		</dict>
		<key>996055C619FC3F95001216B9</key>
		<dict>
			<key>isa</key>
			<string>PBXFileReference</string>
			<key>lastKnownFileType</key>
			<string>wrapper.framework</string>
			<key>name</key>
			<string>CFNetwork.framework</string>
			<key>path</key>
			<string>System/Library/Frameworks/CFNetwork.framework</string>
			<key>sourceTree</key>
			<string>SDKROOT</string>
		</dict>
		<key>996055C719FC3F95001216B9</key>
		<dict>
			<key>fileRef</key>
			<string>996055C619FC3F95001216B9</string>
			<key>isa</key>
			<string>PBXBuildFile</string>
		</dict>
		<key>996055C819FC3F9A001216B9</key>
		<dict>
			<key>isa</key>
			<string>PBXFileReference</string>
			<key>lastKnownFileType</key>
			<string>wrapper.framework</string>
			<key>name</key>
			<string>CoreTelephony.framework</string>
			<key>path</key>
			<string>System/Library/Frameworks/CoreTelephony.framework</string>
			<key>sourceTree</key>
			<string>SDKROOT</string>
		</dict>
		<key>996055C919FC3F9A001216B9</key>
		<dict>
			<key>fileRef</key>
			<string>996055C819FC3F9A001216B9</string>
			<key>isa</key>
			<string>PBXBuildFile</string>
		</dict>
		<key>996055CA19FC3FA0001216B9</key>
		<dict>
			<key>isa</key>
			<string>PBXFileReference</string>
			<key>lastKnownFileType</key>
			<string>wrapper.framework</string>
			<key>name</key>
			<string>CoreLocation.framework</string>
			<key>path</key>
			<string>System/Library/Frameworks/CoreLocation.framework</string>
			<key>sourceTree</key>
			<string>SDKROOT</string>
		</dict>
		<key>996055CB19FC3FA0001216B9</key>
		<dict>
			<key>fileRef</key>
			<string>996055CA19FC3FA0001216B9</string>
			<key>isa</key>
			<string>PBXBuildFile</string>
		</dict>
		<key>996055CC19FC3FA6001216B9</key>
		<dict>
			<key>isa</key>
			<string>PBXFileReference</string>
			<key>lastKnownFileType</key>
			<string>wrapper.framework</string>
			<key>name</key>
			<string>Twitter.framework</string>
			<key>path</key>
			<string>System/Library/Frameworks/Twitter.framework</string>
			<key>sourceTree</key>
			<string>SDKROOT</string>
		</dict>
		<key>996055CD19FC3FA6001216B9</key>
		<dict>
			<key>fileRef</key>
			<string>996055CC19FC3FA6001216B9</string>
			<key>isa</key>
			<string>PBXBuildFile</string>
		</dict>
		<key>996055CE19FC3FAB001216B9</key>
		<dict>
			<key>isa</key>
			<string>PBXFileReference</string>
			<key>lastKnownFileType</key>
			<string>wrapper.framework</string>
			<key>name</key>
			<string>Social.framework</string>
			<key>path</key>
			<string>System/Library/Frameworks/Social.framework</string>
			<key>sourceTree</key>
			<string>SDKROOT</string>
		</dict>
		<key>996055CF19FC3FAB001216B9</key>
		<dict>
			<key>fileRef</key>
			<string>996055CE19FC3FAB001216B9</string>
			<key>isa</key>
			<string>PBXBuildFile</string>
		</dict>
		<key>996055D019FC3FB1001216B9</key>
		<dict>
			<key>isa</key>
			<string>PBXFileReference</string>
			<key>lastKnownFileType</key>
			<string>wrapper.framework</string>
			<key>name</key>
			<string>Accounts.framework</string>
			<key>path</key>
			<string>System/Library/Frameworks/Accounts.framework</string>
			<key>sourceTree</key>
			<string>SDKROOT</string>
		</dict>
		<key>996055D119FC3FB1001216B9</key>
		<dict>
			<key>fileRef</key>
			<string>996055D019FC3FB1001216B9</string>
			<key>isa</key>
			<string>PBXBuildFile</string>
		</dict>
		<key>996055D219FC404C001216B9</key>
		<dict>
			<key>fileEncoding</key>
			<string>4</string>
			<key>isa</key>
			<string>PBXFileReference</string>
			<key>lastKnownFileType</key>
			<string>sourcecode.c.h</string>
			<key>path</key>
			<string>MyCoursesViewController.h</string>
			<key>sourceTree</key>
			<string>&lt;group&gt;</string>
		</dict>
		<key>996055D319FC404C001216B9</key>
		<dict>
			<key>fileEncoding</key>
			<string>4</string>
			<key>isa</key>
			<string>PBXFileReference</string>
			<key>lastKnownFileType</key>
			<string>sourcecode.c.objc</string>
			<key>path</key>
			<string>MyCoursesViewController.m</string>
			<key>sourceTree</key>
			<string>&lt;group&gt;</string>
		</dict>
		<key>996055D419FC404C001216B9</key>
		<dict>
			<key>fileRef</key>
			<string>996055D319FC404C001216B9</string>
			<key>isa</key>
			<string>PBXBuildFile</string>
		</dict>
		<key>996055D519FC53E6001216B9</key>
		<dict>
			<key>isa</key>
			<string>PBXFileReference</string>
			<key>lastKnownFileType</key>
			<string>wrapper.framework</string>
			<key>name</key>
			<string>MapKit.framework</string>
			<key>path</key>
			<string>System/Library/Frameworks/MapKit.framework</string>
			<key>sourceTree</key>
			<string>SDKROOT</string>
		</dict>
		<key>996055D619FC53E6001216B9</key>
		<dict>
			<key>fileRef</key>
			<string>996055D519FC53E6001216B9</string>
			<key>isa</key>
			<string>PBXBuildFile</string>
		</dict>
		<key>996055D719FC5449001216B9</key>
		<dict>
			<key>fileEncoding</key>
			<string>4</string>
			<key>isa</key>
			<string>PBXFileReference</string>
			<key>lastKnownFileType</key>
			<string>sourcecode.c.h</string>
			<key>path</key>
			<string>MapStudyGroupViewController.h</string>
			<key>sourceTree</key>
			<string>&lt;group&gt;</string>
		</dict>
		<key>996055D819FC5449001216B9</key>
		<dict>
			<key>fileEncoding</key>
			<string>4</string>
			<key>isa</key>
			<string>PBXFileReference</string>
			<key>lastKnownFileType</key>
			<string>sourcecode.c.objc</string>
			<key>path</key>
			<string>MapStudyGroupViewController.m</string>
			<key>sourceTree</key>
			<string>&lt;group&gt;</string>
		</dict>
		<key>996055D919FC5449001216B9</key>
		<dict>
			<key>fileRef</key>
			<string>996055D819FC5449001216B9</string>
			<key>isa</key>
			<string>PBXBuildFile</string>
		</dict>
		<key>996055DA19FC786E001216B9</key>
		<dict>
			<key>fileEncoding</key>
			<string>4</string>
			<key>isa</key>
			<string>PBXFileReference</string>
			<key>lastKnownFileType</key>
			<string>sourcecode.c.h</string>
			<key>path</key>
			<string>MapSearchViewController.h</string>
			<key>sourceTree</key>
			<string>&lt;group&gt;</string>
		</dict>
		<key>996055DB19FC786E001216B9</key>
		<dict>
			<key>fileEncoding</key>
			<string>4</string>
			<key>isa</key>
			<string>PBXFileReference</string>
			<key>lastKnownFileType</key>
			<string>sourcecode.c.objc</string>
			<key>path</key>
			<string>MapSearchViewController.m</string>
			<key>sourceTree</key>
			<string>&lt;group&gt;</string>
		</dict>
		<key>996055DC19FC786E001216B9</key>
		<dict>
			<key>fileRef</key>
			<string>996055DB19FC786E001216B9</string>
			<key>isa</key>
			<string>PBXBuildFile</string>
		</dict>
		<key>996055DD19FC8573001216B9</key>
		<dict>
			<key>isa</key>
			<string>PBXFileReference</string>
			<key>lastKnownFileType</key>
			<string>image.png</string>
			<key>path</key>
			<string>table.png</string>
			<key>sourceTree</key>
			<string>&lt;group&gt;</string>
		</dict>
		<key>996055DE19FC8573001216B9</key>
		<dict>
			<key>fileRef</key>
			<string>996055DD19FC8573001216B9</string>
			<key>isa</key>
			<string>PBXBuildFile</string>
		</dict>
		<key>996055DF19FC89BC001216B9</key>
		<dict>
			<key>fileEncoding</key>
			<string>4</string>
			<key>isa</key>
			<string>PBXFileReference</string>
			<key>lastKnownFileType</key>
			<string>sourcecode.c.h</string>
			<key>path</key>
			<string>MessagingViewController.h</string>
			<key>sourceTree</key>
			<string>&lt;group&gt;</string>
		</dict>
		<key>996055E019FC89BC001216B9</key>
		<dict>
			<key>fileEncoding</key>
			<string>4</string>
			<key>isa</key>
			<string>PBXFileReference</string>
			<key>lastKnownFileType</key>
			<string>sourcecode.c.objc</string>
			<key>path</key>
			<string>MessagingViewController.m</string>
			<key>sourceTree</key>
			<string>&lt;group&gt;</string>
		</dict>
		<key>996055E119FC89BC001216B9</key>
		<dict>
			<key>fileRef</key>
			<string>996055E019FC89BC001216B9</string>
			<key>isa</key>
			<string>PBXBuildFile</string>
		</dict>
		<key>996055E219FC8B6F001216B9</key>
		<dict>
			<key>fileEncoding</key>
			<string>4</string>
			<key>isa</key>
			<string>PBXFileReference</string>
			<key>lastKnownFileType</key>
			<string>sourcecode.c.h</string>
			<key>path</key>
			<string>MessagingTableViewController.h</string>
			<key>sourceTree</key>
			<string>&lt;group&gt;</string>
		</dict>
		<key>996055E319FC8B6F001216B9</key>
		<dict>
			<key>fileEncoding</key>
			<string>4</string>
			<key>isa</key>
			<string>PBXFileReference</string>
			<key>lastKnownFileType</key>
			<string>sourcecode.c.objc</string>
			<key>path</key>
			<string>MessagingTableViewController.m</string>
			<key>sourceTree</key>
			<string>&lt;group&gt;</string>
		</dict>
		<key>996055E419FC8B6F001216B9</key>
		<dict>
			<key>fileRef</key>
			<string>996055E319FC8B6F001216B9</string>
			<key>isa</key>
			<string>PBXBuildFile</string>
		</dict>
		<key>9976D7E81A81BFB80068490C</key>
		<dict>
			<key>fileEncoding</key>
			<string>4</string>
			<key>isa</key>
			<string>PBXFileReference</string>
			<key>lastKnownFileType</key>
			<string>sourcecode.c.h</string>
			<key>path</key>
			<string>ViewStudyGroupTabViewController.h</string>
			<key>sourceTree</key>
			<string>&lt;group&gt;</string>
		</dict>
		<key>9976D7E91A81BFB80068490C</key>
		<dict>
			<key>fileEncoding</key>
			<string>4</string>
			<key>isa</key>
			<string>PBXFileReference</string>
			<key>lastKnownFileType</key>
			<string>sourcecode.c.objc</string>
			<key>path</key>
			<string>ViewStudyGroupTabViewController.m</string>
			<key>sourceTree</key>
			<string>&lt;group&gt;</string>
		</dict>
		<key>9976D7EA1A81BFB80068490C</key>
		<dict>
			<key>fileRef</key>
			<string>9976D7E91A81BFB80068490C</string>
			<key>isa</key>
			<string>PBXBuildFile</string>
		</dict>
		<key>999057051A815646003A45B1</key>
		<dict>
			<key>fileEncoding</key>
			<string>4</string>
			<key>isa</key>
			<string>PBXFileReference</string>
			<key>lastKnownFileType</key>
			<string>sourcecode.c.h</string>
			<key>path</key>
			<string>CreateStudyGroupTableViewController.h</string>
			<key>sourceTree</key>
			<string>&lt;group&gt;</string>
		</dict>
		<key>999057061A815646003A45B1</key>
		<dict>
			<key>fileEncoding</key>
			<string>4</string>
			<key>isa</key>
			<string>PBXFileReference</string>
			<key>lastKnownFileType</key>
			<string>sourcecode.c.objc</string>
			<key>path</key>
			<string>CreateStudyGroupTableViewController.m</string>
			<key>sourceTree</key>
			<string>&lt;group&gt;</string>
		</dict>
		<key>999057071A815646003A45B1</key>
		<dict>
			<key>fileRef</key>
			<string>999057061A815646003A45B1</string>
			<key>isa</key>
			<string>PBXBuildFile</string>
		</dict>
		<key>B0D4CDF8B6B90EF6A5E2101D</key>
		<dict>
			<key>children</key>
			<array>
				<string>C839625EF062CE4DAAB1EDE6</string>
				<string>53F505C27F392A3B83AC0213</string>
			</array>
			<key>isa</key>
			<string>PBXGroup</string>
			<key>name</key>
			<string>Pods</string>
			<key>sourceTree</key>
			<string>&lt;group&gt;</string>
		</dict>
		<key>C839625EF062CE4DAAB1EDE6</key>
		<dict>
			<key>includeInIndex</key>
			<string>1</string>
			<key>isa</key>
			<string>PBXFileReference</string>
			<key>lastKnownFileType</key>
			<string>text.xcconfig</string>
			<key>name</key>
			<string>Pods.debug.xcconfig</string>
			<key>path</key>
			<string>Pods/Target Support Files/Pods/Pods.debug.xcconfig</string>
			<key>sourceTree</key>
			<string>&lt;group&gt;</string>
		</dict>
		<key>D16EC69E90D8A72F8B6BD4D3</key>
		<dict>
			<key>buildActionMask</key>
			<string>2147483647</string>
			<key>files</key>
			<array/>
			<key>inputPaths</key>
			<array/>
			<key>isa</key>
			<string>PBXShellScriptBuildPhase</string>
			<key>name</key>
			<string>Check Pods Manifest.lock</string>
			<key>outputPaths</key>
			<array/>
			<key>runOnlyForDeploymentPostprocessing</key>
			<string>0</string>
			<key>shellPath</key>
			<string>/bin/sh</string>
			<key>shellScript</key>
			<string>diff "${PODS_ROOT}/../Podfile.lock" "${PODS_ROOT}/Manifest.lock" &gt; /dev/null
if [[ $? != 0 ]] ; then
    cat &lt;&lt; EOM
error: The sandbox is not in sync with the Podfile.lock. Run 'pod install' or update your CocoaPods installation.
EOM
    exit 1
fi
</string>
			<key>showEnvVarsInLog</key>
			<string>0</string>
		</dict>
	</dict>
	<key>rootObject</key>
	<string>9960555B19FC2003001216B9</string>
</dict>
</plist>
